# This file was autogenerated by uv via the following command:
#    uv pip compile requirements.txt -o requirements.lock
blinker==1.9.0
    # via flask
certifi==2025.10.5
    # via requests
charset-normalizer==3.4.4
    # via requests
click==8.3.0
    # via
    #   flask
    #   x-wr-timezone
datetime==5.5
    # via -r requirements.txt
flask==3.1.2
    # via -r requirements.txt
gunicorn==23.0.0
    # via -r requirements.txt
icalendar==6.3.1
    # via
    #   -r requirements.txt
    #   recurring-ical-events
    #   x-wr-timezone
idna==3.11
    # via requests
itsdangerous==2.2.0
    # via flask
jinja2==3.1.6
    # via flask
markupsafe==3.0.3
    # via
    #   flask
    #   jinja2
    #   werkzeug
packaging==25.0
    # via gunicorn
python-dateutil==2.9.0.post0
    # via
    #   icalendar
    #   recurring-ical-events
pytz==2025.2
    # via datetime
recurring-ical-events==3.8.0
    # via -r requirements.txt
requests==2.32.5
    # via -r requirements.txt
six==1.17.0
    # via python-dateutil
tzdata==2025.2
    # via
    #   icalendar
    #   recurring-ical-events
    #   x-wr-timezone
urllib3==2.5.0
    # via requests
werkzeug==3.1.3
    # via flask
x-wr-timezone==2.0.1
    # via recurring-ical-events
zope-interface==8.0.1
    # via datetime
