# This file was autogenerated by uv via the following command:
#    uv pip compile requirements.txt -o requirements.lock
blinker==1.9.0
    # via flask
certifi==2025.10.5
    # via requests
charset-normalizer==3.4.4
    # via requests
click==8.3.0
    # via
    #   flask
    #   x-wr-timezone
datetime==5.5
    # via -r requirements.txt
deprecated==1.3.1
    # via limits
flask==3.1.2
    # via
    #   -r requirements.txt
    #   flask-limiter
flask-limiter==4.0.0
    # via -r requirements.txt
gunicorn==23.0.0
    # via -r requirements.txt
icalendar==6.3.1
    # via
    #   -r requirements.txt
    #   recurring-ical-events
    #   x-wr-timezone
idna==3.11
    # via requests
itsdangerous==2.2.0
    # via flask
jinja2==3.1.6
    # via flask
limits==5.6.0
    # via flask-limiter
markdown-it-py==4.0.0
    # via rich
markupsafe==3.0.3
    # via
    #   flask
    #   jinja2
    #   werkzeug
mdurl==0.1.2
    # via markdown-it-py
ordered-set==4.1.0
    # via flask-limiter
packaging==25.0
    # via
    #   gunicorn
    #   limits
psycopg2-binary==2.9.11
    # via -r requirements.txt
pygments==2.19.2
    # via rich
python-dateutil==2.9.0.post0
    # via
    #   icalendar
    #   recurring-ical-events
pytz==2025.2
    # via datetime
recurring-ical-events==3.8.0
    # via -r requirements.txt
requests==2.32.5
    # via -r requirements.txt
rich==14.2.0
    # via flask-limiter
six==1.17.0
    # via python-dateutil
typing-extensions==4.15.0
    # via
    #   flask-limiter
    #   limits
tzdata==2025.2
    # via
    #   icalendar
    #   recurring-ical-events
    #   x-wr-timezone
urllib3==2.5.0
    # via requests
werkzeug==3.1.3
    # via flask
wrapt==2.0.1
    # via deprecated
x-wr-timezone==2.0.1
    # via recurring-ical-events
zope-interface==8.0.1
    # via datetime
