# This file was autogenerated by uv via the following command:
#    uv pip compile requirements.txt -o requirements.lock
alembic==1.18.4
    # via -r requirements.txt
annotated-doc==0.0.4
    # via fastapi
annotated-types==0.7.0
    # via pydantic
anyio==4.12.1
    # via
    #   starlette
    #   watchfiles
asyncpg==0.31.0
    # via -r requirements.txt
certifi==2025.10.5
    # via requests
charset-normalizer==3.4.4
    # via requests
click==8.3.0
    # via
    #   uvicorn
    #   x-wr-timezone
deprecated==1.3.1
    # via limits
fastapi==0.128.5
    # via -r requirements.txt
greenlet==3.3.1
    # via sqlalchemy
h11==0.16.0
    # via uvicorn
httptools==0.7.1
    # via uvicorn
icalendar==6.3.1
    # via
    #   -r requirements.txt
    #   recurring-ical-events
    #   x-wr-timezone
idna==3.11
    # via
    #   anyio
    #   requests
limits==5.6.0
    # via slowapi
mako==1.3.10
    # via alembic
markupsafe==3.0.3
    # via mako
packaging==25.0
    # via limits
psycopg2-binary==2.9.11
    # via -r requirements.txt
pydantic==2.12.5
    # via fastapi
pydantic-core==2.41.5
    # via pydantic
python-dateutil==2.9.0.post0
    # via
    #   icalendar
    #   recurring-ical-events
python-dotenv==1.2.1
    # via uvicorn
pyyaml==6.0.3
    # via uvicorn
recurring-ical-events==3.8.0
    # via -r requirements.txt
requests==2.32.5
    # via -r requirements.txt
six==1.17.0
    # via python-dateutil
slowapi==0.1.9
    # via -r requirements.txt
sqlalchemy==2.0.46
    # via
    #   -r requirements.txt
    #   alembic
starlette==0.52.1
    # via fastapi
typing-extensions==4.15.0
    # via
    #   alembic
    #   fastapi
    #   limits
    #   pydantic
    #   pydantic-core
    #   sqlalchemy
    #   typing-inspection
typing-inspection==0.4.2
    # via
    #   fastapi
    #   pydantic
tzdata==2025.2
    # via
    #   icalendar
    #   recurring-ical-events
    #   x-wr-timezone
urllib3==2.5.0
    # via requests
uvicorn==0.40.0
    # via -r requirements.txt
uvloop==0.22.1
    # via uvicorn
watchfiles==1.1.1
    # via uvicorn
websockets==16.0
    # via uvicorn
wrapt==2.0.1
    # via deprecated
x-wr-timezone==2.0.1
    # via recurring-ical-events
